// !$*UTF8*$!
{
	archiveVersion = 1;
	classes = {
	};
	objectVersion = 50;
	objects = {

/* Begin PBXBuildFile section */
		4BB6FB7621D2C46B00AC1ABA /* AppDelegate.swift in Sources */ = {isa = PBXBuildFile; fileRef = 4BB6FB7521D2C46B00AC1ABA /* AppDelegate.swift */; };
		4BB6FB7821D2C46B00AC1ABA /* LandmarkMapViewController.swift in Sources */ = {isa = PBXBuildFile; fileRef = 4BB6FB7721D2C46B00AC1ABA /* LandmarkMapViewController.swift */; };
		4BB6FB7B21D2C46B00AC1ABA /* Main.storyboard in Resources */ = {isa = PBXBuildFile; fileRef = 4BB6FB7921D2C46B00AC1ABA /* Main.storyboard */; };
		4BB6FB7D21D2C46D00AC1ABA /* Assets.xcassets in Resources */ = {isa = PBXBuildFile; fileRef = 4BB6FB7C21D2C46D00AC1ABA /* Assets.xcassets */; };
		4BB6FB8021D2C46D00AC1ABA /* LaunchScreen.storyboard in Resources */ = {isa = PBXBuildFile; fileRef = 4BB6FB7E21D2C46D00AC1ABA /* LaunchScreen.storyboard */; };
		4BB6FB8B21D2C6EF00AC1ABA /* Landmark.swift in Sources */ = {isa = PBXBuildFile; fileRef = 4BB6FB8A21D2C6EF00AC1ABA /* Landmark.swift */; };
		4BB6FB8D21D2CF6A00AC1ABA /* LandmarkFinder.swift in Sources */ = {isa = PBXBuildFile; fileRef = 4BB6FB8C21D2CF6A00AC1ABA /* LandmarkFinder.swift */; };
		4BB6FB9121D3883B00AC1ABA /* LandmarkAnnotation.swift in Sources */ = {isa = PBXBuildFile; fileRef = 4BB6FB9021D3883B00AC1ABA /* LandmarkAnnotation.swift */; };
		4BB6FB9321D4150800AC1ABA /* LandmarkDetailViewController.swift in Sources */ = {isa = PBXBuildFile; fileRef = 4BB6FB9221D4150800AC1ABA /* LandmarkDetailViewController.swift */; };
		806D7AC685816DAE0B10FDF4 /* Pods_Nearby_Me.framework in Frameworks */ = {isa = PBXBuildFile; fileRef = 2CD4FD2B2E24EEAC087A2E05 /* Pods_Nearby_Me.framework */; };
/* End PBXBuildFile section */

/* Begin PBXFileReference section */
		2CD4FD2B2E24EEAC087A2E05 /* Pods_Nearby_Me.framework */ = {isa = PBXFileReference; explicitFileType = wrapper.framework; includeInIndex = 0; path = Pods_Nearby_Me.framework; sourceTree = BUILT_PRODUCTS_DIR; };
		4BB6FB7221D2C46B00AC1ABA /* Nearby Me.app */ = {isa = PBXFileReference; explicitFileType = wrapper.application; includeInIndex = 0; path = "Nearby Me.app"; sourceTree = BUILT_PRODUCTS_DIR; };
		4BB6FB7521D2C46B00AC1ABA /* AppDelegate.swift */ = {isa = PBXFileReference; lastKnownFileType = sourcecode.swift; path = AppDelegate.swift; sourceTree = "<group>"; };
		4BB6FB7721D2C46B00AC1ABA /* LandmarkMapViewController.swift */ = {isa = PBXFileReference; lastKnownFileType = sourcecode.swift; path = LandmarkMapViewController.swift; sourceTree = "<group>"; };
		4BB6FB7A21D2C46B00AC1ABA /* Base */ = {isa = PBXFileReference; lastKnownFileType = file.storyboard; name = Base; path = Base.lproj/Main.storyboard; sourceTree = "<group>"; };
		4BB6FB7C21D2C46D00AC1ABA /* Assets.xcassets */ = {isa = PBXFileReference; lastKnownFileType = folder.assetcatalog; path = Assets.xcassets; sourceTree = "<group>"; };
		4BB6FB7F21D2C46D00AC1ABA /* Base */ = {isa = PBXFileReference; lastKnownFileType = file.storyboard; name = Base; path = Base.lproj/LaunchScreen.storyboard; sourceTree = "<group>"; };
		4BB6FB8121D2C46D00AC1ABA /* Info.plist */ = {isa = PBXFileReference; lastKnownFileType = text.plist.xml; path = Info.plist; sourceTree = "<group>"; };
		4BB6FB8A21D2C6EF00AC1ABA /* Landmark.swift */ = {isa = PBXFileReference; lastKnownFileType = sourcecode.swift; path = Landmark.swift; sourceTree = "<group>"; };
		4BB6FB8C21D2CF6A00AC1ABA /* LandmarkFinder.swift */ = {isa = PBXFileReference; lastKnownFileType = sourcecode.swift; path = LandmarkFinder.swift; sourceTree = "<group>"; };
		4BB6FB9021D3883B00AC1ABA /* LandmarkAnnotation.swift */ = {isa = PBXFileReference; lastKnownFileType = sourcecode.swift; path = LandmarkAnnotation.swift; sourceTree = "<group>"; };
		4BB6FB9221D4150800AC1ABA /* LandmarkDetailViewController.swift */ = {isa = PBXFileReference; lastKnownFileType = sourcecode.swift; path = LandmarkDetailViewController.swift; sourceTree = "<group>"; };
		7F08646761DBF1C17ACE0054 /* Pods-Nearby Me.release.xcconfig */ = {isa = PBXFileReference; includeInIndex = 1; lastKnownFileType = text.xcconfig; name = "Pods-Nearby Me.release.xcconfig"; path = "Pods/Target Support Files/Pods-Nearby Me/Pods-Nearby Me.release.xcconfig"; sourceTree = "<group>"; };
		E049D502908AAD8A62A962D4 /* Pods-Nearby Me.debug.xcconfig */ = {isa = PBXFileReference; includeInIndex = 1; lastKnownFileType = text.xcconfig; name = "Pods-Nearby Me.debug.xcconfig"; path = "Pods/Target Support Files/Pods-Nearby Me/Pods-Nearby Me.debug.xcconfig"; sourceTree = "<group>"; };
/* End PBXFileReference section */

/* Begin PBXFrameworksBuildPhase section */
		4BB6FB6F21D2C46B00AC1ABA /* Frameworks */ = {
			isa = PBXFrameworksBuildPhase;
			buildActionMask = 2147483647;
			files = (
				806D7AC685816DAE0B10FDF4 /* Pods_Nearby_Me.framework in Frameworks */,
			);
			runOnlyForDeploymentPostprocessing = 0;
		};
/* End PBXFrameworksBuildPhase section */

/* Begin PBXGroup section */
		4BB6FB6921D2C46B00AC1ABA = {
			isa = PBXGroup;
			children = (
				4BB6FB7421D2C46B00AC1ABA /* Nearby Me */,
				4BB6FB7321D2C46B00AC1ABA /* Products */,
				90688971582242494623DEC8 /* Pods */,
				A561DA735E0B7382C0FB5682 /* Frameworks */,
			);
			sourceTree = "<group>";
		};
		4BB6FB7321D2C46B00AC1ABA /* Products */ = {
			isa = PBXGroup;
			children = (
				4BB6FB7221D2C46B00AC1ABA /* Nearby Me.app */,
			);
			name = Products;
			sourceTree = "<group>";
		};
		4BB6FB7421D2C46B00AC1ABA /* Nearby Me */ = {
			isa = PBXGroup;
			children = (
				4BB6FB8921D2C4EC00AC1ABA /* Model */,
				4BB6FB8821D2C4BD00AC1ABA /* View */,
				4BB6FB8721D2C4A700AC1ABA /* Controller */,
				4BB6FB7C21D2C46D00AC1ABA /* Assets.xcassets */,
				4BB6FB8121D2C46D00AC1ABA /* Info.plist */,
			);
			path = "Nearby Me";
			sourceTree = "<group>";
		};
		4BB6FB8721D2C4A700AC1ABA /* Controller */ = {
			isa = PBXGroup;
			children = (
				4BB6FB7521D2C46B00AC1ABA /* AppDelegate.swift */,
				4BB6FB7721D2C46B00AC1ABA /* LandmarkMapViewController.swift */,
				4BB6FB9221D4150800AC1ABA /* LandmarkDetailViewController.swift */,
			);
			path = Controller;
			sourceTree = "<group>";
		};
		4BB6FB8821D2C4BD00AC1ABA /* View */ = {
			isa = PBXGroup;
			children = (
				4BB6FB7921D2C46B00AC1ABA /* Main.storyboard */,
				4BB6FB7E21D2C46D00AC1ABA /* LaunchScreen.storyboard */,
			);
			path = View;
			sourceTree = "<group>";
		};
		4BB6FB8921D2C4EC00AC1ABA /* Model */ = {
			isa = PBXGroup;
			children = (
				4BB6FB8A21D2C6EF00AC1ABA /* Landmark.swift */,
				4BB6FB9021D3883B00AC1ABA /* LandmarkAnnotation.swift */,
				4BB6FB8C21D2CF6A00AC1ABA /* LandmarkFinder.swift */,
			);
			path = Model;
			sourceTree = "<group>";
		};
		90688971582242494623DEC8 /* Pods */ = {
			isa = PBXGroup;
			children = (
				E049D502908AAD8A62A962D4 /* Pods-Nearby Me.debug.xcconfig */,
				7F08646761DBF1C17ACE0054 /* Pods-Nearby Me.release.xcconfig */,
			);
			name = Pods;
			sourceTree = "<group>";
		};
		A561DA735E0B7382C0FB5682 /* Frameworks */ = {
			isa = PBXGroup;
			children = (
				2CD4FD2B2E24EEAC087A2E05 /* Pods_Nearby_Me.framework */,
			);
			name = Frameworks;
			sourceTree = "<group>";
		};
/* End PBXGroup section */

/* Begin PBXNativeTarget section */
		4BB6FB7121D2C46B00AC1ABA /* Nearby Me */ = {
			isa = PBXNativeTarget;
			buildConfigurationList = 4BB6FB8421D2C46D00AC1ABA /* Build configuration list for PBXNativeTarget "Nearby Me" */;
			buildPhases = (
				EDEB9D26E3A8CC2C18269D00 /* [CP] Check Pods Manifest.lock */,
				4BB6FB6E21D2C46B00AC1ABA /* Sources */,
				4BB6FB6F21D2C46B00AC1ABA /* Frameworks */,
				4BB6FB7021D2C46B00AC1ABA /* Resources */,
				C097A77D87E244E530517B39 /* [CP] Embed Pods Frameworks */,
			);
			buildRules = (
			);
			dependencies = (
			);
			name = "Nearby Me";
			productName = "Nearby Me";
			productReference = 4BB6FB7221D2C46B00AC1ABA /* Nearby Me.app */;
			productType = "com.apple.product-type.application";
		};
/* End PBXNativeTarget section */

/* Begin PBXProject section */
		4BB6FB6A21D2C46B00AC1ABA /* Project object */ = {
			isa = PBXProject;
			attributes = {
				LastSwiftUpdateCheck = 1010;
				LastUpgradeCheck = 1010;
				ORGANIZATIONNAME = "Robert Witt";
				TargetAttributes = {
					4BB6FB7121D2C46B00AC1ABA = {
						CreatedOnToolsVersion = 10.1;
					};
				};
			};
			buildConfigurationList = 4BB6FB6D21D2C46B00AC1ABA /* Build configuration list for PBXProject "Nearby Me" */;
			compatibilityVersion = "Xcode 9.3";
			developmentRegion = en;
			hasScannedForEncodings = 0;
			knownRegions = (
				en,
				Base,
			);
			mainGroup = 4BB6FB6921D2C46B00AC1ABA;
			productRefGroup = 4BB6FB7321D2C46B00AC1ABA /* Products */;
			projectDirPath = "";
			projectRoot = "";
			targets = (
				4BB6FB7121D2C46B00AC1ABA /* Nearby Me */,
			);
		};
/* End PBXProject section */

/* Begin PBXResourcesBuildPhase section */
		4BB6FB7021D2C46B00AC1ABA /* Resources */ = {
			isa = PBXResourcesBuildPhase;
			buildActionMask = 2147483647;
			files = (
				4BB6FB8021D2C46D00AC1ABA /* LaunchScreen.storyboard in Resources */,
				4BB6FB7D21D2C46D00AC1ABA /* Assets.xcassets in Resources */,
				4BB6FB7B21D2C46B00AC1ABA /* Main.storyboard in Resources */,
			);
			runOnlyForDeploymentPostprocessing = 0;
		};
/* End PBXResourcesBuildPhase section */

/* Begin PBXShellScriptBuildPhase section */
		C097A77D87E244E530517B39 /* [CP] Embed Pods Frameworks */ = {
			isa = PBXShellScriptBuildPhase;
			buildActionMask = 2147483647;
			files = (
			);
			inputPaths = (
				"${SRCROOT}/Pods/Target Support Files/Pods-Nearby Me/Pods-Nearby Me-frameworks.sh",
				"${BUILT_PRODUCTS_DIR}/Alamofire/Alamofire.framework",
				"${BUILT_PRODUCTS_DIR}/SwiftyJSON/SwiftyJSON.framework",
			);
			name = "[CP] Embed Pods Frameworks";
			outputPaths = (
				"${TARGET_BUILD_DIR}/${FRAMEWORKS_FOLDER_PATH}/Alamofire.framework",
				"${TARGET_BUILD_DIR}/${FRAMEWORKS_FOLDER_PATH}/SwiftyJSON.framework",
			);
			runOnlyForDeploymentPostprocessing = 0;
			shellPath = /bin/sh;
			shellScript = "\"${SRCROOT}/Pods/Target Support Files/Pods-Nearby Me/Pods-Nearby Me-frameworks.sh\"\n";
			showEnvVarsInLog = 0;
		};
		EDEB9D26E3A8CC2C18269D00 /* [CP] Check Pods Manifest.lock */ = {
			isa = PBXShellScriptBuildPhase;
			buildActionMask = 2147483647;
			files = (
			);
			inputPaths = (
				"${PODS_PODFILE_DIR_PATH}/Podfile.lock",
				"${PODS_ROOT}/Manifest.lock",
			);
			name = "[CP] Check Pods Manifest.lock";
			outputPaths = (
				"$(DERIVED_FILE_DIR)/Pods-Nearby Me-checkManifestLockResult.txt",
			);
			runOnlyForDeploymentPostprocessing = 0;
			shellPath = /bin/sh;
			shellScript = "diff \"${PODS_PODFILE_DIR_PATH}/Podfile.lock\" \"${PODS_ROOT}/Manifest.lock\" > /dev/null\nif [ $? != 0 ] ; then\n    # print error to STDERR\n    echo \"error: The sandbox is not in sync with the Podfile.lock. Run 'pod install' or update your CocoaPods installation.\" >&2\n    exit 1\nfi\n# This output is used by Xcode 'outputs' to avoid re-running this script phase.\necho \"SUCCESS\" > \"${SCRIPT_OUTPUT_FILE_0}\"\n";
			showEnvVarsInLog = 0;
		};
/* End PBXShellScriptBuildPhase section */

/* Begin PBXSourcesBuildPhase section */
		4BB6FB6E21D2C46B00AC1ABA /* Sources */ = {
			isa = PBXSourcesBuildPhase;
			buildActionMask = 2147483647;
			files = (
				4BB6FB7821D2C46B00AC1ABA /* LandmarkMapViewController.swift in Sources */,
				4BB6FB8D21D2CF6A00AC1ABA /* LandmarkFinder.swift in Sources */,
				4BB6FB9121D3883B00AC1ABA /* LandmarkAnnotation.swift in Sources */,
				4BB6FB9321D4150800AC1ABA /* LandmarkDetailViewController.swift in Sources */,
				4BB6FB7621D2C46B00AC1ABA /* AppDelegate.swift in Sources */,
				4BB6FB8B21D2C6EF00AC1ABA /* Landmark.swift in Sources */,
			);
			runOnlyForDeploymentPostprocessing = 0;
		};
/* End PBXSourcesBuildPhase section */

/* Begin PBXVariantGroup section */
		4BB6FB7921D2C46B00AC1ABA /* Main.storyboard */ = {
			isa = PBXVariantGroup;
			children = (
				4BB6FB7A21D2C46B00AC1ABA /* Base */,
			);
			name = Main.storyboard;
			sourceTree = "<group>";
		};
		4BB6FB7E21D2C46D00AC1ABA /* LaunchScreen.storyboard */ = {
			isa = PBXVariantGroup;
			children = (
				4BB6FB7F21D2C46D00AC1ABA /* Base */,
			);
			name = LaunchScreen.storyboard;
			sourceTree = "<group>";
		};
/* End PBXVariantGroup section */

/* Begin XCBuildConfiguration section */
		4BB6FB8221D2C46D00AC1ABA /* Debug */ = {
			isa = XCBuildConfiguration;
			buildSettings = {
				ALWAYS_SEARCH_USER_PATHS = NO;
				CLANG_ANALYZER_NONNULL = YES;
				CLANG_ANALYZER_NUMBER_OBJECT_CONVERSION = YES_AGGRESSIVE;
				CLANG_CXX_LANGUAGE_STANDARD = "gnu++14";
				CLANG_CXX_LIBRARY = "libc++";
				CLANG_ENABLE_MODULES = YES;
				CLANG_ENABLE_OBJC_ARC = YES;
				CLANG_ENABLE_OBJC_WEAK = YES;
				CLANG_WARN_BLOCK_CAPTURE_AUTORELEASING = YES;
				CLANG_WARN_BOOL_CONVERSION = YES;
				CLANG_WARN_COMMA = YES;
				CLANG_WARN_CONSTANT_CONVERSION = YES;
				CLANG_WARN_DEPRECATED_OBJC_IMPLEMENTATIONS = YES;
				CLANG_WARN_DIRECT_OBJC_ISA_USAGE = YES_ERROR;
				CLANG_WARN_DOCUMENTATION_COMMENTS = YES;
				CLANG_WARN_EMPTY_BODY = YES;
				CLANG_WARN_ENUM_CONVERSION = YES;
				CLANG_WARN_INFINITE_RECURSION = YES;
				CLANG_WARN_INT_CONVERSION = YES;
				CLANG_WARN_NON_LITERAL_NULL_CONVERSION = YES;
				CLANG_WARN_OBJC_IMPLICIT_RETAIN_SELF = YES;
				CLANG_WARN_OBJC_LITERAL_CONVERSION = YES;
				CLANG_WARN_OBJC_ROOT_CLASS = YES_ERROR;
				CLANG_WARN_RANGE_LOOP_ANALYSIS = YES;
				CLANG_WARN_STRICT_PROTOTYPES = YES;
				CLANG_WARN_SUSPICIOUS_MOVE = YES;
				CLANG_WARN_UNGUARDED_AVAILABILITY = YES_AGGRESSIVE;
				CLANG_WARN_UNREACHABLE_CODE = YES;
				CLANG_WARN__DUPLICATE_METHOD_MATCH = YES;
				CODE_SIGN_IDENTITY = "iPhone Developer";
				COPY_PHASE_STRIP = NO;
				DEBUG_INFORMATION_FORMAT = dwarf;
				ENABLE_STRICT_OBJC_MSGSEND = YES;
				ENABLE_TESTABILITY = YES;
				GCC_C_LANGUAGE_STANDARD = gnu11;
				GCC_DYNAMIC_NO_PIC = NO;
				GCC_NO_COMMON_BLOCKS = YES;
				GCC_OPTIMIZATION_LEVEL = 0;
				GCC_PREPROCESSOR_DEFINITIONS = (
					"DEBUG=1",
					"$(inherited)",
				);
				GCC_WARN_64_TO_32_BIT_CONVERSION = YES;
				GCC_WARN_ABOUT_RETURN_TYPE = YES_ERROR;
				GCC_WARN_UNDECLARED_SELECTOR = YES;
				GCC_WARN_UNINITIALIZED_AUTOS = YES_AGGRESSIVE;
				GCC_WARN_UNUSED_FUNCTION = YES;
				GCC_WARN_UNUSED_VARIABLE = YES;
				IPHONEOS_DEPLOYMENT_TARGET = 12.1;
				MTL_ENABLE_DEBUG_INFO = INCLUDE_SOURCE;
				MTL_FAST_MATH = YES;
				ONLY_ACTIVE_ARCH = YES;
				SDKROOT = iphoneos;
				SWIFT_ACTIVE_COMPILATION_CONDITIONS = DEBUG;
				SWIFT_OPTIMIZATION_LEVEL = "-Onone";
			};
			name = Debug;
		};
		4BB6FB8321D2C46D00AC1ABA /* Release */ = {
			isa = XCBuildConfiguration;
			buildSettings = {
				ALWAYS_SEARCH_USER_PATHS = NO;
				CLANG_ANALYZER_NONNULL = YES;
				CLANG_ANALYZER_NUMBER_OBJECT_CONVERSION = YES_AGGRESSIVE;
				CLANG_CXX_LANGUAGE_STANDARD = "gnu++14";
				CLANG_CXX_LIBRARY = "libc++";
				CLANG_ENABLE_MODULES = YES;
				CLANG_ENABLE_OBJC_ARC = YES;
				CLANG_ENABLE_OBJC_WEAK = YES;
				CLANG_WARN_BLOCK_CAPTURE_AUTORELEASING = YES;
				CLANG_WARN_BOOL_CONVERSION = YES;
				CLANG_WARN_COMMA = YES;
				CLANG_WARN_CONSTANT_CONVERSION = YES;
				CLANG_WARN_DEPRECATED_OBJC_IMPLEMENTATIONS = YES;
				CLANG_WARN_DIRECT_OBJC_ISA_USAGE = YES_ERROR;
				CLANG_WARN_DOCUMENTATION_COMMENTS = YES;
				CLANG_WARN_EMPTY_BODY = YES;
				CLANG_WARN_ENUM_CONVERSION = YES;
				CLANG_WARN_INFINITE_RECURSION = YES;
				CLANG_WARN_INT_CONVERSION = YES;
				CLANG_WARN_NON_LITERAL_NULL_CONVERSION = YES;
				CLANG_WARN_OBJC_IMPLICIT_RETAIN_SELF = YES;
				CLANG_WARN_OBJC_LITERAL_CONVERSION = YES;
				CLANG_WARN_OBJC_ROOT_CLASS = YES_ERROR;
				CLANG_WARN_RANGE_LOOP_ANALYSIS = YES;
				CLANG_WARN_STRICT_PROTOTYPES = YES;
				CLANG_WARN_SUSPICIOUS_MOVE = YES;
				CLANG_WARN_UNGUARDED_AVAILABILITY = YES_AGGRESSIVE;
				CLANG_WARN_UNREACHABLE_CODE = YES;
				CLANG_WARN__DUPLICATE_METHOD_MATCH = YES;
				CODE_SIGN_IDENTITY = "iPhone Developer";
				COPY_PHASE_STRIP = NO;
				DEBUG_INFORMATION_FORMAT = "dwarf-with-dsym";
				ENABLE_NS_ASSERTIONS = NO;
				ENABLE_STRICT_OBJC_MSGSEND = YES;
				GCC_C_LANGUAGE_STANDARD = gnu11;
				GCC_NO_COMMON_BLOCKS = YES;
				GCC_WARN_64_TO_32_BIT_CONVERSION = YES;
				GCC_WARN_ABOUT_RETURN_TYPE = YES_ERROR;
				GCC_WARN_UNDECLARED_SELECTOR = YES;
				GCC_WARN_UNINITIALIZED_AUTOS = YES_AGGRESSIVE;
				GCC_WARN_UNUSED_FUNCTION = YES;
				GCC_WARN_UNUSED_VARIABLE = YES;
				IPHONEOS_DEPLOYMENT_TARGET = 12.1;
				MTL_ENABLE_DEBUG_INFO = NO;
				MTL_FAST_MATH = YES;
				SDKROOT = iphoneos;
				SWIFT_COMPILATION_MODE = wholemodule;
				SWIFT_OPTIMIZATION_LEVEL = "-O";
				VALIDATE_PRODUCT = YES;
			};
			name = Release;
		};
		4BB6FB8521D2C46D00AC1ABA /* Debug */ = {
			isa = XCBuildConfiguration;
			baseConfigurationReference = E049D502908AAD8A62A962D4 /* Pods-Nearby Me.debug.xcconfig */;
			buildSettings = {
				ASSETCATALOG_COMPILER_APPICON_NAME = AppIcon;
				CODE_SIGN_STYLE = Automatic;
				DEVELOPMENT_TEAM = 34MXHV49DX;
				INFOPLIST_FILE = "Nearby Me/Info.plist";
				LD_RUNPATH_SEARCH_PATHS = (
					"$(inherited)",
					"@executable_path/Frameworks",
				);
				PRODUCT_BUNDLE_IDENTIFIER = "de.robertwitt.Nearby-Me";
				PRODUCT_NAME = "$(TARGET_NAME)";
				SWIFT_VERSION = 4.2;
				TARGETED_DEVICE_FAMILY = "1,2";
			};
			name = Debug;
		};
		4BB6FB8621D2C46D00AC1ABA /* Release */ = {
			isa = XCBuildConfiguration;
			baseConfigurationReference = 7F08646761DBF1C17ACE0054 /* Pods-Nearby Me.release.xcconfig */;
			buildSettings = {
				ASSETCATALOG_COMPILER_APPICON_NAME = AppIcon;
				CODE_SIGN_STYLE = Automatic;
				DEVELOPMENT_TEAM = 34MXHV49DX;
				INFOPLIST_FILE = "Nearby Me/Info.plist";
				LD_RUNPATH_SEARCH_PATHS = (
					"$(inherited)",
					"@executable_path/Frameworks",
				);
				PRODUCT_BUNDLE_IDENTIFIER = "de.robertwitt.Nearby-Me";
				PRODUCT_NAME = "$(TARGET_NAME)";
				SWIFT_VERSION = 4.2;
				TARGETED_DEVICE_FAMILY = "1,2";
			};
			name = Release;
		};
/* End XCBuildConfiguration section */

/* Begin XCConfigurationList section */
		4BB6FB6D21D2C46B00AC1ABA /* Build configuration list for PBXProject "Nearby Me" */ = {
			isa = XCConfigurationList;
			buildConfigurations = (
				4BB6FB8221D2C46D00AC1ABA /* Debug */,
				4BB6FB8321D2C46D00AC1ABA /* Release */,
			);
			defaultConfigurationIsVisible = 0;
			defaultConfigurationName = Release;
		};
		4BB6FB8421D2C46D00AC1ABA /* Build configuration list for PBXNativeTarget "Nearby Me" */ = {
			isa = XCConfigurationList;
			buildConfigurations = (
				4BB6FB8521D2C46D00AC1ABA /* Debug */,
				4BB6FB8621D2C46D00AC1ABA /* Release */,
			);
			defaultConfigurationIsVisible = 0;
			defaultConfigurationName = Release;
		};
/* End XCConfigurationList section */
	};
	rootObject = 4BB6FB6A21D2C46B00AC1ABA /* Project object */;
}
